// !$*UTF8*$!
{
	archiveVersion = 1;
	classes = {
	};
	objectVersion = 46;
	objects = {

/* Begin PBXBuildFile section */
		952C859F1BF41B3800BBB4B1 /* main.m in Sources */ = {isa = PBXBuildFile; fileRef = 952C859E1BF41B3800BBB4B1 /* main.m */; };
		952C85A21BF41B3800BBB4B1 /* AppDelegate.m in Sources */ = {isa = PBXBuildFile; fileRef = 952C85A11BF41B3800BBB4B1 /* AppDelegate.m */; };
		952C85A81BF41B3800BBB4B1 /* Main.storyboard in Resources */ = {isa = PBXBuildFile; fileRef = 952C85A61BF41B3800BBB4B1 /* Main.storyboard */; };
		952C85AA1BF41B3800BBB4B1 /* Assets.xcassets in Resources */ = {isa = PBXBuildFile; fileRef = 952C85A91BF41B3800BBB4B1 /* Assets.xcassets */; };
		952C85AD1BF41B3800BBB4B1 /* LaunchScreen.storyboard in Resources */ = {isa = PBXBuildFile; fileRef = 952C85AB1BF41B3800BBB4B1 /* LaunchScreen.storyboard */; };
		952C85B81BF41B3800BBB4B1 /* TableViewFetchImageTests.m in Sources */ = {isa = PBXBuildFile; fileRef = 952C85B71BF41B3800BBB4B1 /* TableViewFetchImageTests.m */; };
		952C85C31BF41B3800BBB4B1 /* TableViewFetchImageUITests.m in Sources */ = {isa = PBXBuildFile; fileRef = 952C85C21BF41B3800BBB4B1 /* TableViewFetchImageUITests.m */; };
		952C85D21BF41EA800BBB4B1 /* TableViewController.m in Sources */ = {isa = PBXBuildFile; fileRef = 952C85D11BF41EA800BBB4B1 /* TableViewController.m */; settings = {ASSET_TAGS = (); }; };
		952C85D51BF42C1000BBB4B1 /* ImageFetcher.m in Sources */ = {isa = PBXBuildFile; fileRef = 952C85D41BF42C1000BBB4B1 /* ImageFetcher.m */; settings = {ASSET_TAGS = (); }; };
		952C85D81BF44BCB00BBB4B1 /* ImageRecord.m in Sources */ = {isa = PBXBuildFile; fileRef = 952C85D71BF44BCB00BBB4B1 /* ImageRecord.m */; settings = {ASSET_TAGS = (); }; };
		953C41651BF574C100EBA58F /* images.png in Resources */ = {isa = PBXBuildFile; fileRef = 953C41641BF574C100EBA58F /* images.png */; settings = {ASSET_TAGS = (); }; };
/* End PBXBuildFile section */

/* Begin PBXContainerItemProxy section */
		952C85B41BF41B3800BBB4B1 /* PBXContainerItemProxy */ = {
			isa = PBXContainerItemProxy;
			containerPortal = 952C85921BF41B3700BBB4B1 /* Project object */;
			proxyType = 1;
			remoteGlobalIDString = 952C85991BF41B3700BBB4B1;
			remoteInfo = TableViewFetchImage;
		};
		952C85BF1BF41B3800BBB4B1 /* PBXContainerItemProxy */ = {
			isa = PBXContainerItemProxy;
			containerPortal = 952C85921BF41B3700BBB4B1 /* Project object */;
			proxyType = 1;
			remoteGlobalIDString = 952C85991BF41B3700BBB4B1;
			remoteInfo = TableViewFetchImage;
		};
/* End PBXContainerItemProxy section */

/* Begin PBXFileReference section */
		952C859A1BF41B3700BBB4B1 /* TableViewFetchImage.app */ = {isa = PBXFileReference; explicitFileType = wrapper.application; includeInIndex = 0; path = TableViewFetchImage.app; sourceTree = BUILT_PRODUCTS_DIR; };
		952C859E1BF41B3800BBB4B1 /* main.m */ = {isa = PBXFileReference; lastKnownFileType = sourcecode.c.objc; path = main.m; sourceTree = "<group>"; };
		952C85A01BF41B3800BBB4B1 /* AppDelegate.h */ = {isa = PBXFileReference; lastKnownFileType = sourcecode.c.h; path = AppDelegate.h; sourceTree = "<group>"; };
		952C85A11BF41B3800BBB4B1 /* AppDelegate.m */ = {isa = PBXFileReference; lastKnownFileType = sourcecode.c.objc; path = AppDelegate.m; sourceTree = "<group>"; };
		952C85A71BF41B3800BBB4B1 /* Base */ = {isa = PBXFileReference; lastKnownFileType = file.storyboard; name = Base; path = Base.lproj/Main.storyboard; sourceTree = "<group>"; };
		952C85A91BF41B3800BBB4B1 /* Assets.xcassets */ = {isa = PBXFileReference; lastKnownFileType = folder.assetcatalog; path = Assets.xcassets; sourceTree = "<group>"; };
		952C85AC1BF41B3800BBB4B1 /* Base */ = {isa = PBXFileReference; lastKnownFileType = file.storyboard; name = Base; path = Base.lproj/LaunchScreen.storyboard; sourceTree = "<group>"; };
		952C85AE1BF41B3800BBB4B1 /* Info.plist */ = {isa = PBXFileReference; lastKnownFileType = text.plist.xml; path = Info.plist; sourceTree = "<group>"; };
		952C85B31BF41B3800BBB4B1 /* TableViewFetchImageTests.xctest */ = {isa = PBXFileReference; explicitFileType = wrapper.cfbundle; includeInIndex = 0; path = TableViewFetchImageTests.xctest; sourceTree = BUILT_PRODUCTS_DIR; };
		952C85B71BF41B3800BBB4B1 /* TableViewFetchImageTests.m */ = {isa = PBXFileReference; lastKnownFileType = sourcecode.c.objc; path = TableViewFetchImageTests.m; sourceTree = "<group>"; };
		952C85B91BF41B3800BBB4B1 /* Info.plist */ = {isa = PBXFileReference; lastKnownFileType = text.plist.xml; path = Info.plist; sourceTree = "<group>"; };
		952C85BE1BF41B3800BBB4B1 /* TableViewFetchImageUITests.xctest */ = {isa = PBXFileReference; explicitFileType = wrapper.cfbundle; includeInIndex = 0; path = TableViewFetchImageUITests.xctest; sourceTree = BUILT_PRODUCTS_DIR; };
		952C85C21BF41B3800BBB4B1 /* TableViewFetchImageUITests.m */ = {isa = PBXFileReference; lastKnownFileType = sourcecode.c.objc; path = TableViewFetchImageUITests.m; sourceTree = "<group>"; };
		952C85C41BF41B3800BBB4B1 /* Info.plist */ = {isa = PBXFileReference; lastKnownFileType = text.plist.xml; path = Info.plist; sourceTree = "<group>"; };
		952C85D01BF41EA800BBB4B1 /* TableViewController.h */ = {isa = PBXFileReference; fileEncoding = 4; lastKnownFileType = sourcecode.c.h; path = TableViewController.h; sourceTree = "<group>"; };
		952C85D11BF41EA800BBB4B1 /* TableViewController.m */ = {isa = PBXFileReference; fileEncoding = 4; lastKnownFileType = sourcecode.c.objc; path = TableViewController.m; sourceTree = "<group>"; };
		952C85D31BF42C1000BBB4B1 /* ImageFetcher.h */ = {isa = PBXFileReference; fileEncoding = 4; lastKnownFileType = sourcecode.c.h; path = ImageFetcher.h; sourceTree = "<group>"; };
		952C85D41BF42C1000BBB4B1 /* ImageFetcher.m */ = {isa = PBXFileReference; fileEncoding = 4; lastKnownFileType = sourcecode.c.objc; path = ImageFetcher.m; sourceTree = "<group>"; };
		952C85D61BF44BCB00BBB4B1 /* ImageRecord.h */ = {isa = PBXFileReference; fileEncoding = 4; lastKnownFileType = sourcecode.c.h; path = ImageRecord.h; sourceTree = "<group>"; };
		952C85D71BF44BCB00BBB4B1 /* ImageRecord.m */ = {isa = PBXFileReference; fileEncoding = 4; lastKnownFileType = sourcecode.c.objc; path = ImageRecord.m; sourceTree = "<group>"; };
		953C41641BF574C100EBA58F /* images.png */ = {isa = PBXFileReference; lastKnownFileType = image.png; path = images.png; sourceTree = "<group>"; };
/* End PBXFileReference section */

/* Begin PBXFrameworksBuildPhase section */
		952C85971BF41B3700BBB4B1 /* Frameworks */ = {
			isa = PBXFrameworksBuildPhase;
			buildActionMask = 2147483647;
			files = (
			);
			runOnlyForDeploymentPostprocessing = 0;
		};
		952C85B01BF41B3800BBB4B1 /* Frameworks */ = {
			isa = PBXFrameworksBuildPhase;
			buildActionMask = 2147483647;
			files = (
			);
			runOnlyForDeploymentPostprocessing = 0;
		};
		952C85BB1BF41B3800BBB4B1 /* Frameworks */ = {
			isa = PBXFrameworksBuildPhase;
			buildActionMask = 2147483647;
			files = (
			);
			runOnlyForDeploymentPostprocessing = 0;
		};
/* End PBXFrameworksBuildPhase section */

/* Begin PBXGroup section */
		952C85911BF41B3700BBB4B1 = {
			isa = PBXGroup;
			children = (
				952C859C1BF41B3800BBB4B1 /* TableViewFetchImage */,
				952C85B61BF41B3800BBB4B1 /* TableViewFetchImageTests */,
				952C85C11BF41B3800BBB4B1 /* TableViewFetchImageUITests */,
				952C859B1BF41B3700BBB4B1 /* Products */,
			);
			sourceTree = "<group>";
		};
		952C859B1BF41B3700BBB4B1 /* Products */ = {
			isa = PBXGroup;
			children = (
				952C859A1BF41B3700BBB4B1 /* TableViewFetchImage.app */,
				952C85B31BF41B3800BBB4B1 /* TableViewFetchImageTests.xctest */,
				952C85BE1BF41B3800BBB4B1 /* TableViewFetchImageUITests.xctest */,
			);
			name = Products;
			sourceTree = "<group>";
		};
		952C859C1BF41B3800BBB4B1 /* TableViewFetchImage */ = {
			isa = PBXGroup;
			children = (
				953C41641BF574C100EBA58F /* images.png */,
				952C85A01BF41B3800BBB4B1 /* AppDelegate.h */,
				952C85A11BF41B3800BBB4B1 /* AppDelegate.m */,
				952C85A61BF41B3800BBB4B1 /* Main.storyboard */,
				952C85A91BF41B3800BBB4B1 /* Assets.xcassets */,
				952C85AB1BF41B3800BBB4B1 /* LaunchScreen.storyboard */,
				952C85AE1BF41B3800BBB4B1 /* Info.plist */,
				952C859D1BF41B3800BBB4B1 /* Supporting Files */,
				952C85D01BF41EA800BBB4B1 /* TableViewController.h */,
				952C85D11BF41EA800BBB4B1 /* TableViewController.m */,
				952C85D31BF42C1000BBB4B1 /* ImageFetcher.h */,
				952C85D41BF42C1000BBB4B1 /* ImageFetcher.m */,
				952C85D61BF44BCB00BBB4B1 /* ImageRecord.h */,
				952C85D71BF44BCB00BBB4B1 /* ImageRecord.m */,
			);
			path = TableViewFetchImage;
			sourceTree = "<group>";
		};
		952C859D1BF41B3800BBB4B1 /* Supporting Files */ = {
			isa = PBXGroup;
			children = (
				952C859E1BF41B3800BBB4B1 /* main.m */,
			);
			name = "Supporting Files";
			sourceTree = "<group>";
		};
		952C85B61BF41B3800BBB4B1 /* TableViewFetchImageTests */ = {
			isa = PBXGroup;
			children = (
				952C85B71BF41B3800BBB4B1 /* TableViewFetchImageTests.m */,
				952C85B91BF41B3800BBB4B1 /* Info.plist */,
			);
			path = TableViewFetchImageTests;
			sourceTree = "<group>";
		};
		952C85C11BF41B3800BBB4B1 /* TableViewFetchImageUITests */ = {
			isa = PBXGroup;
			children = (
				952C85C21BF41B3800BBB4B1 /* TableViewFetchImageUITests.m */,
				952C85C41BF41B3800BBB4B1 /* Info.plist */,
			);
			path = TableViewFetchImageUITests;
			sourceTree = "<group>";
		};
/* End PBXGroup section */

/* Begin PBXNativeTarget section */
		952C85991BF41B3700BBB4B1 /* TableViewFetchImage */ = {
			isa = PBXNativeTarget;
			buildConfigurationList = 952C85C71BF41B3800BBB4B1 /* Build configuration list for PBXNativeTarget "TableViewFetchImage" */;
			buildPhases = (
				952C85961BF41B3700BBB4B1 /* Sources */,
				952C85971BF41B3700BBB4B1 /* Frameworks */,
				952C85981BF41B3700BBB4B1 /* Resources */,
			);
			buildRules = (
			);
			dependencies = (
			);
			name = TableViewFetchImage;
			productName = TableViewFetchImage;
			productReference = 952C859A1BF41B3700BBB4B1 /* TableViewFetchImage.app */;
			productType = "com.apple.product-type.application";
		};
		952C85B21BF41B3800BBB4B1 /* TableViewFetchImageTests */ = {
			isa = PBXNativeTarget;
			buildConfigurationList = 952C85CA1BF41B3800BBB4B1 /* Build configuration list for PBXNativeTarget "TableViewFetchImageTests" */;
			buildPhases = (
				952C85AF1BF41B3800BBB4B1 /* Sources */,
				952C85B01BF41B3800BBB4B1 /* Frameworks */,
				952C85B11BF41B3800BBB4B1 /* Resources */,
			);
			buildRules = (
			);
			dependencies = (
				952C85B51BF41B3800BBB4B1 /* PBXTargetDependency */,
			);
			name = TableViewFetchImageTests;
			productName = TableViewFetchImageTests;
			productReference = 952C85B31BF41B3800BBB4B1 /* TableViewFetchImageTests.xctest */;
			productType = "com.apple.product-type.bundle.unit-test";
		};
		952C85BD1BF41B3800BBB4B1 /* TableViewFetchImageUITests */ = {
			isa = PBXNativeTarget;
			buildConfigurationList = 952C85CD1BF41B3800BBB4B1 /* Build configuration list for PBXNativeTarget "TableViewFetchImageUITests" */;
			buildPhases = (
				952C85BA1BF41B3800BBB4B1 /* Sources */,
				952C85BB1BF41B3800BBB4B1 /* Frameworks */,
				952C85BC1BF41B3800BBB4B1 /* Resources */,
			);
			buildRules = (
			);
			dependencies = (
				952C85C01BF41B3800BBB4B1 /* PBXTargetDependency */,
			);
			name = TableViewFetchImageUITests;
			productName = TableViewFetchImageUITests;
			productReference = 952C85BE1BF41B3800BBB4B1 /* TableViewFetchImageUITests.xctest */;
			productType = "com.apple.product-type.bundle.ui-testing";
		};
/* End PBXNativeTarget section */

/* Begin PBXProject section */
		952C85921BF41B3700BBB4B1 /* Project object */ = {
			isa = PBXProject;
			attributes = {
				LastUpgradeCheck = 0700;
				ORGANIZATIONNAME = Ann;
				TargetAttributes = {
					952C85991BF41B3700BBB4B1 = {
						CreatedOnToolsVersion = 7.0.1;
					};
					952C85B21BF41B3800BBB4B1 = {
						CreatedOnToolsVersion = 7.0.1;
						TestTargetID = 952C85991BF41B3700BBB4B1;
					};
					952C85BD1BF41B3800BBB4B1 = {
						CreatedOnToolsVersion = 7.0.1;
						TestTargetID = 952C85991BF41B3700BBB4B1;
					};
				};
			};
			buildConfigurationList = 952C85951BF41B3700BBB4B1 /* Build configuration list for PBXProject "TableViewFetchImage" */;
			compatibilityVersion = "Xcode 3.2";
			developmentRegion = English;
			hasScannedForEncodings = 0;
			knownRegions = (
				en,
				Base,
			);
			mainGroup = 952C85911BF41B3700BBB4B1;
			productRefGroup = 952C859B1BF41B3700BBB4B1 /* Products */;
			projectDirPath = "";
			projectRoot = "";
			targets = (
				952C85991BF41B3700BBB4B1 /* TableViewFetchImage */,
				952C85B21BF41B3800BBB4B1 /* TableViewFetchImageTests */,
				952C85BD1BF41B3800BBB4B1 /* TableViewFetchImageUITests */,
			);
		};
/* End PBXProject section */

/* Begin PBXResourcesBuildPhase section */
		952C85981BF41B3700BBB4B1 /* Resources */ = {
			isa = PBXResourcesBuildPhase;
			buildActionMask = 2147483647;
			files = (
				952C85AD1BF41B3800BBB4B1 /* LaunchScreen.storyboard in Resources */,
				952C85AA1BF41B3800BBB4B1 /* Assets.xcassets in Resources */,
				952C85A81BF41B3800BBB4B1 /* Main.storyboard in Resources */,
				953C41651BF574C100EBA58F /* images.png in Resources */,
			);
			runOnlyForDeploymentPostprocessing = 0;
		};
		952C85B11BF41B3800BBB4B1 /* Resources */ = {
			isa = PBXResourcesBuildPhase;
			buildActionMask = 2147483647;
			files = (
			);
			runOnlyForDeploymentPostprocessing = 0;
		};
		952C85BC1BF41B3800BBB4B1 /* Resources */ = {
			isa = PBXResourcesBuildPhase;
			buildActionMask = 2147483647;
			files = (
			);
			runOnlyForDeploymentPostprocessing = 0;
		};
/* End PBXResourcesBuildPhase section */

/* Begin PBXSourcesBuildPhase section */
		952C85961BF41B3700BBB4B1 /* Sources */ = {
			isa = PBXSourcesBuildPhase;
			buildActionMask = 2147483647;
			files = (
				952C85D81BF44BCB00BBB4B1 /* ImageRecord.m in Sources */,
				952C85A21BF41B3800BBB4B1 /* AppDelegate.m in Sources */,
				952C85D51BF42C1000BBB4B1 /* ImageFetcher.m in Sources */,
				952C85D21BF41EA800BBB4B1 /* TableViewController.m in Sources */,
				952C859F1BF41B3800BBB4B1 /* main.m in Sources */,
			);
			runOnlyForDeploymentPostprocessing = 0;
		};
		952C85AF1BF41B3800BBB4B1 /* Sources */ = {
			isa = PBXSourcesBuildPhase;
			buildActionMask = 2147483647;
			files = (
				952C85B81BF41B3800BBB4B1 /* TableViewFetchImageTests.m in Sources */,
			);
			runOnlyForDeploymentPostprocessing = 0;
		};
		952C85BA1BF41B3800BBB4B1 /* Sources */ = {
			isa = PBXSourcesBuildPhase;
			buildActionMask = 2147483647;
			files = (
				952C85C31BF41B3800BBB4B1 /* TableViewFetchImageUITests.m in Sources */,
			);
			runOnlyForDeploymentPostprocessing = 0;
		};
/* End PBXSourcesBuildPhase section */

/* Begin PBXTargetDependency section */
		952C85B51BF41B3800BBB4B1 /* PBXTargetDependency */ = {
			isa = PBXTargetDependency;
			target = 952C85991BF41B3700BBB4B1 /* TableViewFetchImage */;
			targetProxy = 952C85B41BF41B3800BBB4B1 /* PBXContainerItemProxy */;
		};
		952C85C01BF41B3800BBB4B1 /* PBXTargetDependency */ = {
			isa = PBXTargetDependency;
			target = 952C85991BF41B3700BBB4B1 /* TableViewFetchImage */;
			targetProxy = 952C85BF1BF41B3800BBB4B1 /* PBXContainerItemProxy */;
		};
/* End PBXTargetDependency section */

/* Begin PBXVariantGroup section */
		952C85A61BF41B3800BBB4B1 /* Main.storyboard */ = {
			isa = PBXVariantGroup;
			children = (
				952C85A71BF41B3800BBB4B1 /* Base */,
			);
			name = Main.storyboard;
			sourceTree = "<group>";
		};
		952C85AB1BF41B3800BBB4B1 /* LaunchScreen.storyboard */ = {
			isa = PBXVariantGroup;
			children = (
				952C85AC1BF41B3800BBB4B1 /* Base */,
			);
			name = LaunchScreen.storyboard;
			sourceTree = "<group>";
		};
/* End PBXVariantGroup section */

/* Begin XCBuildConfiguration section */
		952C85C51BF41B3800BBB4B1 /* Debug */ = {
			isa = XCBuildConfiguration;
			buildSettings = {
				ALWAYS_SEARCH_USER_PATHS = NO;
				CLANG_CXX_LANGUAGE_STANDARD = "gnu++0x";
				CLANG_CXX_LIBRARY = "libc++";
				CLANG_ENABLE_MODULES = YES;
				CLANG_ENABLE_OBJC_ARC = YES;
				CLANG_WARN_BOOL_CONVERSION = YES;
				CLANG_WARN_CONSTANT_CONVERSION = YES;
				CLANG_WARN_DIRECT_OBJC_ISA_USAGE = YES_ERROR;
				CLANG_WARN_EMPTY_BODY = YES;
				CLANG_WARN_ENUM_CONVERSION = YES;
				CLANG_WARN_INT_CONVERSION = YES;
				CLANG_WARN_OBJC_ROOT_CLASS = YES_ERROR;
				CLANG_WARN_UNREACHABLE_CODE = YES;
				CLANG_WARN__DUPLICATE_METHOD_MATCH = YES;
				"CODE_SIGN_IDENTITY[sdk=iphoneos*]" = "iPhone Developer";
				COPY_PHASE_STRIP = NO;
				DEBUG_INFORMATION_FORMAT = dwarf;
				ENABLE_STRICT_OBJC_MSGSEND = YES;
				ENABLE_TESTABILITY = YES;
				GCC_C_LANGUAGE_STANDARD = gnu99;
				GCC_DYNAMIC_NO_PIC = NO;
				GCC_NO_COMMON_BLOCKS = YES;
				GCC_OPTIMIZATION_LEVEL = 0;
				GCC_PREPROCESSOR_DEFINITIONS = (
					"DEBUG=1",
					"$(inherited)",
				);
				GCC_WARN_64_TO_32_BIT_CONVERSION = YES;
				GCC_WARN_ABOUT_RETURN_TYPE = YES_ERROR;
				GCC_WARN_UNDECLARED_SELECTOR = YES;
				GCC_WARN_UNINITIALIZED_AUTOS = YES_AGGRESSIVE;
				GCC_WARN_UNUSED_FUNCTION = YES;
				GCC_WARN_UNUSED_VARIABLE = YES;
				IPHONEOS_DEPLOYMENT_TARGET = 9.0;
				MTL_ENABLE_DEBUG_INFO = YES;
				ONLY_ACTIVE_ARCH = YES;
				SDKROOT = iphoneos;
			};
			name = Debug;
		};
		952C85C61BF41B3800BBB4B1 /* Release */ = {
			isa = XCBuildConfiguration;
			buildSettings = {
				ALWAYS_SEARCH_USER_PATHS = NO;
				CLANG_CXX_LANGUAGE_STANDARD = "gnu++0x";
				CLANG_CXX_LIBRARY = "libc++";
				CLANG_ENABLE_MODULES = YES;
				CLANG_ENABLE_OBJC_ARC = YES;
				CLANG_WARN_BOOL_CONVERSION = YES;
				CLANG_WARN_CONSTANT_CONVERSION = YES;
				CLANG_WARN_DIRECT_OBJC_ISA_USAGE = YES_ERROR;
				CLANG_WARN_EMPTY_BODY = YES;
				CLANG_WARN_ENUM_CONVERSION = YES;
				CLANG_WARN_INT_CONVERSION = YES;
				CLANG_WARN_OBJC_ROOT_CLASS = YES_ERROR;
				CLANG_WARN_UNREACHABLE_CODE = YES;
				CLANG_WARN__DUPLICATE_METHOD_MATCH = YES;
				"CODE_SIGN_IDENTITY[sdk=iphoneos*]" = "iPhone Developer";
				COPY_PHASE_STRIP = NO;
				DEBUG_INFORMATION_FORMAT = "dwarf-with-dsym";
				ENABLE_NS_ASSERTIONS = NO;
				ENABLE_STRICT_OBJC_MSGSEND = YES;
				GCC_C_LANGUAGE_STANDARD = gnu99;
				GCC_NO_COMMON_BLOCKS = YES;
				GCC_WARN_64_TO_32_BIT_CONVERSION = YES;
				GCC_WARN_ABOUT_RETURN_TYPE = YES_ERROR;
				GCC_WARN_UNDECLARED_SELECTOR = YES;
				GCC_WARN_UNINITIALIZED_AUTOS = YES_AGGRESSIVE;
				GCC_WARN_UNUSED_FUNCTION = YES;
				GCC_WARN_UNUSED_VARIABLE = YES;
				IPHONEOS_DEPLOYMENT_TARGET = 9.0;
				MTL_ENABLE_DEBUG_INFO = NO;
				SDKROOT = iphoneos;
				VALIDATE_PRODUCT = YES;
			};
			name = Release;
		};
		952C85C81BF41B3800BBB4B1 /* Debug */ = {
			isa = XCBuildConfiguration;
			buildSettings = {
				ASSETCATALOG_COMPILER_APPICON_NAME = AppIcon;
				INFOPLIST_FILE = TableViewFetchImage/Info.plist;
				LD_RUNPATH_SEARCH_PATHS = "$(inherited) @executable_path/Frameworks";
				PRODUCT_BUNDLE_IDENTIFIER = com.yourcompany.TableViewFetchImage;
				PRODUCT_NAME = "$(TARGET_NAME)";
			};
			name = Debug;
		};
		952C85C91BF41B3800BBB4B1 /* Release */ = {
			isa = XCBuildConfiguration;
			buildSettings = {
				ASSETCATALOG_COMPILER_APPICON_NAME = AppIcon;
				INFOPLIST_FILE = TableViewFetchImage/Info.plist;
				LD_RUNPATH_SEARCH_PATHS = "$(inherited) @executable_path/Frameworks";
				PRODUCT_BUNDLE_IDENTIFIER = com.yourcompany.TableViewFetchImage;
				PRODUCT_NAME = "$(TARGET_NAME)";
			};
			name = Release;
		};
		952C85CB1BF41B3800BBB4B1 /* Debug */ = {
			isa = XCBuildConfiguration;
			buildSettings = {
				BUNDLE_LOADER = "$(TEST_HOST)";
				INFOPLIST_FILE = TableViewFetchImageTests/Info.plist;
				LD_RUNPATH_SEARCH_PATHS = "$(inherited) @executable_path/Frameworks @loader_path/Frameworks";
				PRODUCT_BUNDLE_IDENTIFIER = com.yourcompany.TableViewFetchImageTests;
				PRODUCT_NAME = "$(TARGET_NAME)";
				TEST_HOST = "$(BUILT_PRODUCTS_DIR)/TableViewFetchImage.app/TableViewFetchImage";
			};
			name = Debug;
		};
		952C85CC1BF41B3800BBB4B1 /* Release */ = {
			isa = XCBuildConfiguration;
			buildSettings = {
				BUNDLE_LOADER = "$(TEST_HOST)";
				INFOPLIST_FILE = TableViewFetchImageTests/Info.plist;
				LD_RUNPATH_SEARCH_PATHS = "$(inherited) @executable_path/Frameworks @loader_path/Frameworks";
				PRODUCT_BUNDLE_IDENTIFIER = com.yourcompany.TableViewFetchImageTests;
				PRODUCT_NAME = "$(TARGET_NAME)";
				TEST_HOST = "$(BUILT_PRODUCTS_DIR)/TableViewFetchImage.app/TableViewFetchImage";
			};
			name = Release;
		};
		952C85CE1BF41B3800BBB4B1 /* Debug */ = {
			isa = XCBuildConfiguration;
			buildSettings = {
				INFOPLIST_FILE = TableViewFetchImageUITests/Info.plist;
				LD_RUNPATH_SEARCH_PATHS = "$(inherited) @executable_path/Frameworks @loader_path/Frameworks";
				PRODUCT_BUNDLE_IDENTIFIER = com.yourcompany.TableViewFetchImageUITests;
				PRODUCT_NAME = "$(TARGET_NAME)";
				TEST_TARGET_NAME = TableViewFetchImage;
				USES_XCTRUNNER = YES;
			};
			name = Debug;
		};
		952C85CF1BF41B3800BBB4B1 /* Release */ = {
			isa = XCBuildConfiguration;
			buildSettings = {
				INFOPLIST_FILE = TableViewFetchImageUITests/Info.plist;
				LD_RUNPATH_SEARCH_PATHS = "$(inherited) @executable_path/Frameworks @loader_path/Frameworks";
				PRODUCT_BUNDLE_IDENTIFIER = com.yourcompany.TableViewFetchImageUITests;
				PRODUCT_NAME = "$(TARGET_NAME)";
				TEST_TARGET_NAME = TableViewFetchImage;
				USES_XCTRUNNER = YES;
			};
			name = Release;
		};
/* End XCBuildConfiguration section */

/* Begin XCConfigurationList section */
		952C85951BF41B3700BBB4B1 /* Build configuration list for PBXProject "TableViewFetchImage" */ = {
			isa = XCConfigurationList;
			buildConfigurations = (
				952C85C51BF41B3800BBB4B1 /* Debug */,
				952C85C61BF41B3800BBB4B1 /* Release */,
			);
			defaultConfigurationIsVisible = 0;
			defaultConfigurationName = Release;
		};
		952C85C71BF41B3800BBB4B1 /* Build configuration list for PBXNativeTarget "TableViewFetchImage" */ = {
			isa = XCConfigurationList;
			buildConfigurations = (
				952C85C81BF41B3800BBB4B1 /* Debug */,
				952C85C91BF41B3800BBB4B1 /* Release */,
			);
			defaultConfigurationIsVisible = 0;
			defaultConfigurationName = Release;
		};
		952C85CA1BF41B3800BBB4B1 /* Build configuration list for PBXNativeTarget "TableViewFetchImageTests" */ = {
			isa = XCConfigurationList;
			buildConfigurations = (
				952C85CB1BF41B3800BBB4B1 /* Debug */,
				952C85CC1BF41B3800BBB4B1 /* Release */,
			);
			defaultConfigurationIsVisible = 0;
			defaultConfigurationName = Release;
		};
		952C85CD1BF41B3800BBB4B1 /* Build configuration list for PBXNativeTarget "TableViewFetchImageUITests" */ = {
			isa = XCConfigurationList;
			buildConfigurations = (
				952C85CE1BF41B3800BBB4B1 /* Debug */,
				952C85CF1BF41B3800BBB4B1 /* Release */,
			);
			defaultConfigurationIsVisible = 0;
			defaultConfigurationName = Release;
		};
/* End XCConfigurationList section */
	};
	rootObject = 952C85921BF41B3700BBB4B1 /* Project object */;
}
